PODS:
  - Nimble (13.0.0)
  - Quick (7.3.0)
  - SwiftyJSON (5.0.1)

DEPENDENCIES:
  - Nimble
  - Quick
  - SwiftyJSON

SPEC REPOS:
  trunk:
    - Nimble
    - Quick
    - SwiftyJSON

SPEC CHECKSUMS:
  Nimble: 97d90931cca412a23224ff29e258809f75c258f7
  Quick: d32871931c05547cb4e0bc9009d66a18b50d8558
  SwiftyJSON: 2f33a42c6fbc52764d96f13368585094bfd8aa5e

PODFILE CHECKSUM: 7deb4cdea25a1a0fc63133fd73cd99bc34c52246

COCOAPODS: 1.11.3
